
Microsoft Visual Studio Solution File, Format Version 12.00
# Visual Studio Version 17
VisualStudioVersion = 17.0.31903.59
MinimumVisualStudioVersion = 10.0.40219.1
Project("{FAE04EC0-301F-11D3-BF4B-00C04F79EFBC}") = "CQRS.Core", "..\CQRS-ES\CQRS.Core\CQRS.Core.csproj", "{A499A47F-105D-4257-A895-21B7F142D484}"
EndProject
Project("{2150E333-8FDC-42A3-9474-1A3956D46DE8}") = "Post.Cmd", "Post.Cmd", "{9ECD00A4-CE96-47F7-8503-A69D7AB1BDBB}"
EndProject
Project("{FAE04EC0-301F-11D3-BF4B-00C04F79EFBC}") = "Post.Cmd.Api", "Post.Cmd\Post.Cmd.Api\Post.Cmd.Api.csproj", "{E52D92D1-04F9-4648-A46A-30B608E9E1FF}"
EndProject
Project("{FAE04EC0-301F-11D3-BF4B-00C04F79EFBC}") = "Post.Cmd.Domain", "Post.Cmd\Post.Cmd.Domain\Post.Cmd.Domain.csproj", "{9CAFD203-7E65-4592-A0A3-D3AE23A9C36F}"
EndProject
Project("{FAE04EC0-301F-11D3-BF4B-00C04F79EFBC}") = "Post.Cmd.Infrastructure", "Post.Cmd\Post.Cmd.Infrastructure\Post.Cmd.Infrastructure.csproj", "{CBB02096-B418-4450-AB3C-D9EB4D4549F4}"
EndProject
Project("{2150E333-8FDC-42A3-9474-1A3956D46DE8}") = "Post.Query", "Post.Query", "{B31705E2-BFDB-4D81-8C7E-4CEE914DD229}"
EndProject
Project("{FAE04EC0-301F-11D3-BF4B-00C04F79EFBC}") = "Post.Query.Api", "Post.Query\Post.Query.Api\Post.Query.Api.csproj", "{C15267A8-3F65-4E91-86F5-A7B89F0E3942}"
EndProject
Project("{FAE04EC0-301F-11D3-BF4B-00C04F79EFBC}") = "Post.Query.Domain", "Post.Query\Post.Query.Domain\Post.Query.Domain.csproj", "{7A4B129E-2106-4781-B7E0-B6CEDD866F3B}"
EndProject
Project("{FAE04EC0-301F-11D3-BF4B-00C04F79EFBC}") = "Post.Query.Infrastructure", "Post.Query\Post.Query.Infrastructure\Post.Query.Infrastructure.csproj", "{C3F2B233-AECC-4E2C-B208-7C3AA042DB26}"
EndProject
Global
	GlobalSection(SolutionConfigurationPlatforms) = preSolution
		Debug|Any CPU = Debug|Any CPU
		Release|Any CPU = Release|Any CPU
	EndGlobalSection
	GlobalSection(SolutionProperties) = preSolution
		HideSolutionNode = FALSE
	EndGlobalSection
	GlobalSection(ProjectConfigurationPlatforms) = postSolution
		{A499A47F-105D-4257-A895-21B7F142D484}.Debug|Any CPU.ActiveCfg = Debug|Any CPU
		{A499A47F-105D-4257-A895-21B7F142D484}.Debug|Any CPU.Build.0 = Debug|Any CPU
		{A499A47F-105D-4257-A895-21B7F142D484}.Release|Any CPU.ActiveCfg = Release|Any CPU
		{A499A47F-105D-4257-A895-21B7F142D484}.Release|Any CPU.Build.0 = Release|Any CPU
		{E52D92D1-04F9-4648-A46A-30B608E9E1FF}.Debug|Any CPU.ActiveCfg = Debug|Any CPU
		{E52D92D1-04F9-4648-A46A-30B608E9E1FF}.Debug|Any CPU.Build.0 = Debug|Any CPU
		{E52D92D1-04F9-4648-A46A-30B608E9E1FF}.Release|Any CPU.ActiveCfg = Release|Any CPU
		{E52D92D1-04F9-4648-A46A-30B608E9E1FF}.Release|Any CPU.Build.0 = Release|Any CPU
		{9CAFD203-7E65-4592-A0A3-D3AE23A9C36F}.Debug|Any CPU.ActiveCfg = Debug|Any CPU
		{9CAFD203-7E65-4592-A0A3-D3AE23A9C36F}.Debug|Any CPU.Build.0 = Debug|Any CPU
		{9CAFD203-7E65-4592-A0A3-D3AE23A9C36F}.Release|Any CPU.ActiveCfg = Release|Any CPU
		{9CAFD203-7E65-4592-A0A3-D3AE23A9C36F}.Release|Any CPU.Build.0 = Release|Any CPU
		{CBB02096-B418-4450-AB3C-D9EB4D4549F4}.Debug|Any CPU.ActiveCfg = Debug|Any CPU
		{CBB02096-B418-4450-AB3C-D9EB4D4549F4}.Debug|Any CPU.Build.0 = Debug|Any CPU
		{CBB02096-B418-4450-AB3C-D9EB4D4549F4}.Release|Any CPU.ActiveCfg = Release|Any CPU
		{CBB02096-B418-4450-AB3C-D9EB4D4549F4}.Release|Any CPU.Build.0 = Release|Any CPU
		{C15267A8-3F65-4E91-86F5-A7B89F0E3942}.Debug|Any CPU.ActiveCfg = Debug|Any CPU
		{C15267A8-3F65-4E91-86F5-A7B89F0E3942}.Debug|Any CPU.Build.0 = Debug|Any CPU
		{C15267A8-3F65-4E91-86F5-A7B89F0E3942}.Release|Any CPU.ActiveCfg = Release|Any CPU
		{C15267A8-3F65-4E91-86F5-A7B89F0E3942}.Release|Any CPU.Build.0 = Release|Any CPU
		{7A4B129E-2106-4781-B7E0-B6CEDD866F3B}.Debug|Any CPU.ActiveCfg = Debug|Any CPU
		{7A4B129E-2106-4781-B7E0-B6CEDD866F3B}.Debug|Any CPU.Build.0 = Debug|Any CPU
		{7A4B129E-2106-4781-B7E0-B6CEDD866F3B}.Release|Any CPU.ActiveCfg = Release|Any CPU
		{7A4B129E-2106-4781-B7E0-B6CEDD866F3B}.Release|Any CPU.Build.0 = Release|Any CPU
		{C3F2B233-AECC-4E2C-B208-7C3AA042DB26}.Debug|Any CPU.ActiveCfg = Debug|Any CPU
		{C3F2B233-AECC-4E2C-B208-7C3AA042DB26}.Debug|Any CPU.Build.0 = Debug|Any CPU
		{C3F2B233-AECC-4E2C-B208-7C3AA042DB26}.Release|Any CPU.ActiveCfg = Release|Any CPU
		{C3F2B233-AECC-4E2C-B208-7C3AA042DB26}.Release|Any CPU.Build.0 = Release|Any CPU
	EndGlobalSection
	GlobalSection(NestedProjects) = preSolution
		{E52D92D1-04F9-4648-A46A-30B608E9E1FF} = {9ECD00A4-CE96-47F7-8503-A69D7AB1BDBB}
		{9CAFD203-7E65-4592-A0A3-D3AE23A9C36F} = {9ECD00A4-CE96-47F7-8503-A69D7AB1BDBB}
		{CBB02096-B418-4450-AB3C-D9EB4D4549F4} = {9ECD00A4-CE96-47F7-8503-A69D7AB1BDBB}
		{C15267A8-3F65-4E91-86F5-A7B89F0E3942} = {B31705E2-BFDB-4D81-8C7E-4CEE914DD229}
		{7A4B129E-2106-4781-B7E0-B6CEDD866F3B} = {B31705E2-BFDB-4D81-8C7E-4CEE914DD229}
		{C3F2B233-AECC-4E2C-B208-7C3AA042DB26} = {B31705E2-BFDB-4D81-8C7E-4CEE914DD229}
	EndGlobalSection
EndGlobal
